
Microsoft Visual Studio Solution File, Format Version 12.00
# Visual Studio Version 16
VisualStudioVersion = 16.0.28922.388
MinimumVisualStudioVersion = 10.0.40219.1
Project("{FAE04EC0-301F-11D3-BF4B-00C04F79EFBC}") = "ProgrammingLanguageDevelopment", "ProgrammingLanguageDevelopment\ProgrammingLanguageDevelopment.csproj", "{ECBF322F-593F-4821-B8B6-BDC6059BD784}"
EndProject
Global
	GlobalSection(SolutionConfigurationPlatforms) = preSolution
		Debug|Any CPU = Debug|Any CPU
		Release|Any CPU = Release|Any CPU
	EndGlobalSection
	GlobalSection(ProjectConfigurationPlatforms) = postSolution
		{ECBF322F-593F-4821-B8B6-BDC6059BD784}.Debug|Any CPU.ActiveCfg = Debug|Any CPU
		{ECBF322F-593F-4821-B8B6-BDC6059BD784}.Debug|Any CPU.Build.0 = Debug|Any CPU
		{ECBF322F-593F-4821-B8B6-BDC6059BD784}.Release|Any CPU.ActiveCfg = Release|Any CPU
		{ECBF322F-593F-4821-B8B6-BDC6059BD784}.Release|Any CPU.Build.0 = Release|Any CPU
	EndGlobalSection
	GlobalSection(SolutionProperties) = preSolution
		HideSolutionNode = FALSE
	EndGlobalSection
	GlobalSection(ExtensibilityGlobals) = postSolution
		SolutionGuid = {E40F7C9D-358B-4AAA-B3B8-ADEC743F2822}
	EndGlobalSection
EndGlobal
